
Microsoft Visual Studio Solution File, Format Version 12.00
# Visual Studio Version 16
VisualStudioVersion = 16.0.30907.101
MinimumVisualStudioVersion = 10.0.40219.1
Project("{FAE04EC0-301F-11D3-BF4B-00C04F79EFBC}") = "Homework4", "Homework4\Homework4.csproj", "{C3F9B30B-B52C-47D8-97D1-81F2C4CE5309}"
EndProject
Global
	GlobalSection(SolutionConfigurationPlatforms) = preSolution
		Debug|Any CPU = Debug|Any CPU
		Release|Any CPU = Release|Any CPU
	EndGlobalSection
	GlobalSection(ProjectConfigurationPlatforms) = postSolution
		{C3F9B30B-B52C-47D8-97D1-81F2C4CE5309}.Debug|Any CPU.ActiveCfg = Debug|Any CPU
		{C3F9B30B-B52C-47D8-97D1-81F2C4CE5309}.Debug|Any CPU.Build.0 = Debug|Any CPU
		{C3F9B30B-B52C-47D8-97D1-81F2C4CE5309}.Release|Any CPU.ActiveCfg = Release|Any CPU
		{C3F9B30B-B52C-47D8-97D1-81F2C4CE5309}.Release|Any CPU.Build.0 = Release|Any CPU
	EndGlobalSection
	GlobalSection(SolutionProperties) = preSolution
		HideSolutionNode = FALSE
	EndGlobalSection
	GlobalSection(ExtensibilityGlobals) = postSolution
		SolutionGuid = {DD49076D-9ACF-4F53-A185-706F39EA8B2B}
	EndGlobalSection
EndGlobal
